// !$*UTF8*$!
{
	archiveVersion = 1;
	classes = {
	};
	objectVersion = 55;
	objects = {

/* Begin PBXBuildFile section */
		364826D728052C5D00994E00 /* HomeScreenStoryboard.storyboard in Resources */ = {isa = PBXBuildFile; fileRef = 364826D628052C5D00994E00 /* HomeScreenStoryboard.storyboard */; };
		364826DD28052CD000994E00 /* TableViewCell.swift in Sources */ = {isa = PBXBuildFile; fileRef = 364826DB28052CD000994E00 /* TableViewCell.swift */; };
		364826DE28052CD000994E00 /* TableViewCell.xib in Resources */ = {isa = PBXBuildFile; fileRef = 364826DC28052CD000994E00 /* TableViewCell.xib */; };
		364826E22805302A00994E00 /* HomeScreenViewController.swift in Sources */ = {isa = PBXBuildFile; fileRef = 364826E12805302A00994E00 /* HomeScreenViewController.swift */; };
		364826E5280532E600994E00 /* MovieDataClass.swift in Sources */ = {isa = PBXBuildFile; fileRef = 364826E4280532E600994E00 /* MovieDataClass.swift */; };
		364826EC2805394B00994E00 /* HomeScreenCoordinator.swift in Sources */ = {isa = PBXBuildFile; fileRef = 364826EB2805394B00994E00 /* HomeScreenCoordinator.swift */; };
		3673403C2807D33A00359101 /* HomeScreenViewModel.swift in Sources */ = {isa = PBXBuildFile; fileRef = 3673403B2807D33A00359101 /* HomeScreenViewModel.swift */; };
		368BE003280EF2990089B7C5 /* GoogleService-Info.plist in Resources */ = {isa = PBXBuildFile; fileRef = 368BE002280EF2990089B7C5 /* GoogleService-Info.plist */; };
		368BE005280EF6270089B7C5 /* CustomAlert.swift in Sources */ = {isa = PBXBuildFile; fileRef = 368BE004280EF6270089B7C5 /* CustomAlert.swift */; };
		36C6A07A28105EF300958297 /* ViewController.swift in Sources */ = {isa = PBXBuildFile; fileRef = 36C6A07928105EF300958297 /* ViewController.swift */; };
		641AF91C27FDCD0400DE170C /* LogInViewController.swift in Sources */ = {isa = PBXBuildFile; fileRef = 641AF91B27FDCD0400DE170C /* LogInViewController.swift */; };
		64A99EDD27FD9A28003BAE1F /* AppDelegate.swift in Sources */ = {isa = PBXBuildFile; fileRef = 64A99EDC27FD9A28003BAE1F /* AppDelegate.swift */; };
		64A99EDF27FD9A28003BAE1F /* SceneDelegate.swift in Sources */ = {isa = PBXBuildFile; fileRef = 64A99EDE27FD9A28003BAE1F /* SceneDelegate.swift */; };
		64A99EE427FD9A28003BAE1F /* Main.storyboard in Resources */ = {isa = PBXBuildFile; fileRef = 64A99EE227FD9A28003BAE1F /* Main.storyboard */; };
		64A99EE627FD9A2A003BAE1F /* Assets.xcassets in Resources */ = {isa = PBXBuildFile; fileRef = 64A99EE527FD9A2A003BAE1F /* Assets.xcassets */; };
		64A99EE927FD9A2A003BAE1F /* LaunchScreen.storyboard in Resources */ = {isa = PBXBuildFile; fileRef = 64A99EE727FD9A2A003BAE1F /* LaunchScreen.storyboard */; };
		64B713C02805744E00D1DF03 /* AppCoordinator.swift in Sources */ = {isa = PBXBuildFile; fileRef = 64B713BF2805744E00D1DF03 /* AppCoordinator.swift */; };
		64B713C2280574B300D1DF03 /* AuthenticationCoordinator.swift in Sources */ = {isa = PBXBuildFile; fileRef = 64B713C1280574B300D1DF03 /* AuthenticationCoordinator.swift */; };
		64B713C52805758400D1DF03 /* Storyboarded.swift in Sources */ = {isa = PBXBuildFile; fileRef = 64B713C42805758400D1DF03 /* Storyboarded.swift */; };
		64B713C7280576A400D1DF03 /* Coordinator.swift in Sources */ = {isa = PBXBuildFile; fileRef = 64B713C6280576A400D1DF03 /* Coordinator.swift */; };
		64B7611E28042A63000C2D0A /* SignUpViewController.swift in Sources */ = {isa = PBXBuildFile; fileRef = 64B7611D28042A63000C2D0A /* SignUpViewController.swift */; };
		64B7612128042EF2000C2D0A /* UIViewController.swift in Sources */ = {isa = PBXBuildFile; fileRef = 64B7612028042EF2000C2D0A /* UIViewController.swift */; };
		64BD3208280EA9B0009A0439 /* Declarations.swift in Sources */ = {isa = PBXBuildFile; fileRef = 64BD3207280EA9B0009A0439 /* Declarations.swift */; };
		64BD320A280EAE7F009A0439 /* UIView.swift in Sources */ = {isa = PBXBuildFile; fileRef = 64BD3209280EAE7F009A0439 /* UIView.swift */; };
		64F467732807FFBD0028C78D /* AuthenticationViewModel.swift in Sources */ = {isa = PBXBuildFile; fileRef = 64F467722807FFBD0028C78D /* AuthenticationViewModel.swift */; };
		9C436817DE7B007C53AADABE /* Pods_MovieBooking.framework in Frameworks */ = {isa = PBXBuildFile; fileRef = BC569C585E805C3BAE896C26 /* Pods_MovieBooking.framework */; };
/* End PBXBuildFile section */

/* Begin PBXFileReference section */
		0D5E32336DA0F5FADD1F6D70 /* Pods-MovieBooking.release.xcconfig */ = {isa = PBXFileReference; includeInIndex = 1; lastKnownFileType = text.xcconfig; name = "Pods-MovieBooking.release.xcconfig"; path = "Target Support Files/Pods-MovieBooking/Pods-MovieBooking.release.xcconfig"; sourceTree = "<group>"; };
		3591FD0926CB88531F1C1B80 /* Pods-MovieBooking.debug.xcconfig */ = {isa = PBXFileReference; includeInIndex = 1; lastKnownFileType = text.xcconfig; name = "Pods-MovieBooking.debug.xcconfig"; path = "Target Support Files/Pods-MovieBooking/Pods-MovieBooking.debug.xcconfig"; sourceTree = "<group>"; };
		364826D628052C5D00994E00 /* HomeScreenStoryboard.storyboard */ = {isa = PBXFileReference; lastKnownFileType = file.storyboard; path = HomeScreenStoryboard.storyboard; sourceTree = "<group>"; };
		364826DB28052CD000994E00 /* TableViewCell.swift */ = {isa = PBXFileReference; lastKnownFileType = sourcecode.swift; path = TableViewCell.swift; sourceTree = "<group>"; };
		364826DC28052CD000994E00 /* TableViewCell.xib */ = {isa = PBXFileReference; lastKnownFileType = file.xib; path = TableViewCell.xib; sourceTree = "<group>"; };
		364826E12805302A00994E00 /* HomeScreenViewController.swift */ = {isa = PBXFileReference; lastKnownFileType = sourcecode.swift; path = HomeScreenViewController.swift; sourceTree = "<group>"; };
		364826E4280532E600994E00 /* MovieDataClass.swift */ = {isa = PBXFileReference; lastKnownFileType = sourcecode.swift; path = MovieDataClass.swift; sourceTree = "<group>"; };
		364826EB2805394B00994E00 /* HomeScreenCoordinator.swift */ = {isa = PBXFileReference; lastKnownFileType = sourcecode.swift; path = HomeScreenCoordinator.swift; sourceTree = "<group>"; };
		3673403B2807D33A00359101 /* HomeScreenViewModel.swift */ = {isa = PBXFileReference; lastKnownFileType = sourcecode.swift; path = HomeScreenViewModel.swift; sourceTree = "<group>"; };
		368BE002280EF2990089B7C5 /* GoogleService-Info.plist */ = {isa = PBXFileReference; fileEncoding = 4; lastKnownFileType = text.plist.xml; name = "GoogleService-Info.plist"; path = "../../../../../Downloads/GoogleService-Info.plist"; sourceTree = "<group>"; };
		368BE004280EF6270089B7C5 /* CustomAlert.swift */ = {isa = PBXFileReference; lastKnownFileType = sourcecode.swift; path = CustomAlert.swift; sourceTree = "<group>"; };
		36C6A07928105EF300958297 /* ViewController.swift */ = {isa = PBXFileReference; fileEncoding = 4; lastKnownFileType = sourcecode.swift; name = ViewController.swift; path = ../../../../../../../../Downloads/ViewController.swift; sourceTree = "<group>"; };
		641AF91B27FDCD0400DE170C /* LogInViewController.swift */ = {isa = PBXFileReference; lastKnownFileType = sourcecode.swift; path = LogInViewController.swift; sourceTree = "<group>"; };
		64A99ED927FD9A28003BAE1F /* MovieBooking.app */ = {isa = PBXFileReference; explicitFileType = wrapper.application; includeInIndex = 0; path = MovieBooking.app; sourceTree = BUILT_PRODUCTS_DIR; };
		64A99EDC27FD9A28003BAE1F /* AppDelegate.swift */ = {isa = PBXFileReference; lastKnownFileType = sourcecode.swift; path = AppDelegate.swift; sourceTree = "<group>"; };
		64A99EDE27FD9A28003BAE1F /* SceneDelegate.swift */ = {isa = PBXFileReference; lastKnownFileType = sourcecode.swift; path = SceneDelegate.swift; sourceTree = "<group>"; };
		64A99EE327FD9A28003BAE1F /* Base */ = {isa = PBXFileReference; lastKnownFileType = file.storyboard; name = Base; path = Base.lproj/Main.storyboard; sourceTree = "<group>"; };
		64A99EE527FD9A2A003BAE1F /* Assets.xcassets */ = {isa = PBXFileReference; lastKnownFileType = folder.assetcatalog; path = Assets.xcassets; sourceTree = "<group>"; };
		64A99EE827FD9A2A003BAE1F /* Base */ = {isa = PBXFileReference; lastKnownFileType = file.storyboard; name = Base; path = Base.lproj/LaunchScreen.storyboard; sourceTree = "<group>"; };
		64A99EEA27FD9A2A003BAE1F /* Info.plist */ = {isa = PBXFileReference; lastKnownFileType = text.plist.xml; path = Info.plist; sourceTree = "<group>"; };
		64B713BF2805744E00D1DF03 /* AppCoordinator.swift */ = {isa = PBXFileReference; lastKnownFileType = sourcecode.swift; path = AppCoordinator.swift; sourceTree = "<group>"; };
		64B713C1280574B300D1DF03 /* AuthenticationCoordinator.swift */ = {isa = PBXFileReference; lastKnownFileType = sourcecode.swift; path = AuthenticationCoordinator.swift; sourceTree = "<group>"; };
		64B713C42805758400D1DF03 /* Storyboarded.swift */ = {isa = PBXFileReference; lastKnownFileType = sourcecode.swift; path = Storyboarded.swift; sourceTree = "<group>"; };
		64B713C6280576A400D1DF03 /* Coordinator.swift */ = {isa = PBXFileReference; lastKnownFileType = sourcecode.swift; path = Coordinator.swift; sourceTree = "<group>"; };
		64B7611D28042A63000C2D0A /* SignUpViewController.swift */ = {isa = PBXFileReference; lastKnownFileType = sourcecode.swift; path = SignUpViewController.swift; sourceTree = "<group>"; };
		64B7612028042EF2000C2D0A /* UIViewController.swift */ = {isa = PBXFileReference; lastKnownFileType = sourcecode.swift; path = UIViewController.swift; sourceTree = "<group>"; };
		64BD3207280EA9B0009A0439 /* Declarations.swift */ = {isa = PBXFileReference; lastKnownFileType = sourcecode.swift; path = Declarations.swift; sourceTree = "<group>"; };
		64BD3209280EAE7F009A0439 /* UIView.swift */ = {isa = PBXFileReference; lastKnownFileType = sourcecode.swift; path = UIView.swift; sourceTree = "<group>"; };
		64F467722807FFBD0028C78D /* AuthenticationViewModel.swift */ = {isa = PBXFileReference; lastKnownFileType = sourcecode.swift; path = AuthenticationViewModel.swift; sourceTree = "<group>"; };
		BC569C585E805C3BAE896C26 /* Pods_MovieBooking.framework */ = {isa = PBXFileReference; explicitFileType = wrapper.framework; includeInIndex = 0; path = Pods_MovieBooking.framework; sourceTree = BUILT_PRODUCTS_DIR; };
/* End PBXFileReference section */

/* Begin PBXFrameworksBuildPhase section */
		64A99ED627FD9A28003BAE1F /* Frameworks */ = {
			isa = PBXFrameworksBuildPhase;
			buildActionMask = 2147483647;
			files = (
				9C436817DE7B007C53AADABE /* Pods_MovieBooking.framework in Frameworks */,
			);
			runOnlyForDeploymentPostprocessing = 0;
		};
/* End PBXFrameworksBuildPhase section */

/* Begin PBXGroup section */
		24A2378362B88CB78E426C4B /* Frameworks */ = {
			isa = PBXGroup;
			children = (
				BC569C585E805C3BAE896C26 /* Pods_MovieBooking.framework */,
			);
			name = Frameworks;
			path = Pods;
			sourceTree = "<group>";
		};
		364826D528052C0F00994E00 /* Storyboards */ = {
			isa = PBXGroup;
			children = (
				64A99EE227FD9A28003BAE1F /* Main.storyboard */,
				64A99EE727FD9A2A003BAE1F /* LaunchScreen.storyboard */,
				364826D628052C5D00994E00 /* HomeScreenStoryboard.storyboard */,
			);
			path = Storyboards;
			sourceTree = "<group>";
		};
		364826E32805318600994E00 /* Model Class */ = {
			isa = PBXGroup;
			children = (
				364826E4280532E600994E00 /* MovieDataClass.swift */,
			);
			path = "Model Class";
			sourceTree = "<group>";
		};
		367340372807D16900359101 /* Module */ = {
			isa = PBXGroup;
			children = (
				367340382807D18900359101 /* Home Screen */,
			);
			path = Module;
			sourceTree = "<group>";
		};
		367340382807D18900359101 /* Home Screen */ = {
			isa = PBXGroup;
			children = (
				3673403D2807EEE900359101 /* ViewControllers */,
				367340392807D1AC00359101 /* View */,
				3673403A2807D1B200359101 /* View Model */,
				364826E32805318600994E00 /* Model Class */,
			);
			path = "Home Screen";
			sourceTree = "<group>";
		};
		367340392807D1AC00359101 /* View */ = {
			isa = PBXGroup;
			children = (
				364826DB28052CD000994E00 /* TableViewCell.swift */,
				364826DC28052CD000994E00 /* TableViewCell.xib */,
			);
			path = View;
			sourceTree = "<group>";
		};
		3673403A2807D1B200359101 /* View Model */ = {
			isa = PBXGroup;
			children = (
				3673403B2807D33A00359101 /* HomeScreenViewModel.swift */,
			);
			path = "View Model";
			sourceTree = "<group>";
		};
		3673403D2807EEE900359101 /* ViewControllers */ = {
			isa = PBXGroup;
			children = (
				364826E12805302A00994E00 /* HomeScreenViewController.swift */,
			);
			path = ViewControllers;
			sourceTree = "<group>";
		};
		6458F63D280708830055AA89 /* Modules */ = {
			isa = PBXGroup;
			children = (
				6458F63E2807088E0055AA89 /* Authentication */,
			);
			path = Modules;
			sourceTree = "<group>";
		};
		6458F63E2807088E0055AA89 /* Authentication */ = {
			isa = PBXGroup;
			children = (
				6458F641280708AF0055AA89 /* ViewModel */,
				6458F640280708A20055AA89 /* ViewController */,
			);
			path = Authentication;
			sourceTree = "<group>";
		};
		6458F640280708A20055AA89 /* ViewController */ = {
			isa = PBXGroup;
			children = (
				36C6A07928105EF300958297 /* ViewController.swift */,
				641AF91B27FDCD0400DE170C /* LogInViewController.swift */,
				64B7611D28042A63000C2D0A /* SignUpViewController.swift */,
			);
			path = ViewController;
			sourceTree = "<group>";
		};
		6458F641280708AF0055AA89 /* ViewModel */ = {
			isa = PBXGroup;
			children = (
				64F467722807FFBD0028C78D /* AuthenticationViewModel.swift */,
			);
			path = ViewModel;
			sourceTree = "<group>";
		};
		6458F642280708E30055AA89 /* Storyboards */ = {
			isa = PBXGroup;
			children = (
			);
			path = Storyboards;
			sourceTree = "<group>";
		};
		64A99ED027FD9A28003BAE1F = {
			isa = PBXGroup;
			children = (
				64A99EDB27FD9A28003BAE1F /* MovieBooking */,
				64A99EDA27FD9A28003BAE1F /* Products */,
				F7135BFB119B0AD6890E028A /* Pods */,
				24A2378362B88CB78E426C4B /* Frameworks */,
			);
			sourceTree = "<group>";
		};
		64A99EDA27FD9A28003BAE1F /* Products */ = {
			isa = PBXGroup;
			children = (
				64A99ED927FD9A28003BAE1F /* MovieBooking.app */,
			);
			name = Products;
			sourceTree = "<group>";
		};
		64A99EDB27FD9A28003BAE1F /* MovieBooking */ = {
			isa = PBXGroup;
			children = (
				6458F642280708E30055AA89 /* Storyboards */,
				6458F63D280708830055AA89 /* Modules */,
				64B713C32805756C00D1DF03 /* Utils */,
				64B713BE2805730600D1DF03 /* Coordinators */,
				64B7611F28042EB9000C2D0A /* Extensions */,
				64A99EDC27FD9A28003BAE1F /* AppDelegate.swift */,
				64A99EDE27FD9A28003BAE1F /* SceneDelegate.swift */,
				367340372807D16900359101 /* Module */,
				364826D528052C0F00994E00 /* Storyboards */,
				64A99EE527FD9A2A003BAE1F /* Assets.xcassets */,
				64A99EEA27FD9A2A003BAE1F /* Info.plist */,
				368BE002280EF2990089B7C5 /* GoogleService-Info.plist */,
			);
			path = MovieBooking;
			sourceTree = "<group>";
		};
		64B713BE2805730600D1DF03 /* Coordinators */ = {
			isa = PBXGroup;
			children = (
				64B713C6280576A400D1DF03 /* Coordinator.swift */,
				64B713BF2805744E00D1DF03 /* AppCoordinator.swift */,
				64B713C1280574B300D1DF03 /* AuthenticationCoordinator.swift */,
				364826EB2805394B00994E00 /* HomeScreenCoordinator.swift */,
			);
			path = Coordinators;
			sourceTree = "<group>";
		};
		64B713C32805756C00D1DF03 /* Utils */ = {
			isa = PBXGroup;
			children = (
				64B713C42805758400D1DF03 /* Storyboarded.swift */,
				64BD3207280EA9B0009A0439 /* Declarations.swift */,
				368BE004280EF6270089B7C5 /* CustomAlert.swift */,
			);
			path = Utils;
			sourceTree = "<group>";
		};
		64B7611F28042EB9000C2D0A /* Extensions */ = {
			isa = PBXGroup;
			children = (
				64B7612028042EF2000C2D0A /* UIViewController.swift */,
				64BD3209280EAE7F009A0439 /* UIView.swift */,
			);
			path = Extensions;
			sourceTree = "<group>";
		};
		F7135BFB119B0AD6890E028A /* Pods */ = {
			isa = PBXGroup;
			children = (
				3591FD0926CB88531F1C1B80 /* Pods-MovieBooking.debug.xcconfig */,
				0D5E32336DA0F5FADD1F6D70 /* Pods-MovieBooking.release.xcconfig */,
			);
			path = Pods;
			sourceTree = "<group>";
		};
/* End PBXGroup section */

/* Begin PBXNativeTarget section */
		64A99ED827FD9A28003BAE1F /* MovieBooking */ = {
			isa = PBXNativeTarget;
			buildConfigurationList = 64A99EED27FD9A2A003BAE1F /* Build configuration list for PBXNativeTarget "MovieBooking" */;
			buildPhases = (
				1BBEEBA08847BDABBC3ACD10 /* [CP] Check Pods Manifest.lock */,
				64A99ED527FD9A28003BAE1F /* Sources */,
				64A99ED627FD9A28003BAE1F /* Frameworks */,
				64A99ED727FD9A28003BAE1F /* Resources */,
				795DD7399E65C6ED3DC77B4D /* [CP] Embed Pods Frameworks */,
			);
			buildRules = (
			);
			dependencies = (
			);
			name = MovieBooking;
			productName = MovieBooking;
			productReference = 64A99ED927FD9A28003BAE1F /* MovieBooking.app */;
			productType = "com.apple.product-type.application";
		};
/* End PBXNativeTarget section */

/* Begin PBXProject section */
		64A99ED127FD9A28003BAE1F /* Project object */ = {
			isa = PBXProject;
			attributes = {
				BuildIndependentTargetsInParallel = 1;
				LastSwiftUpdateCheck = 1310;
				LastUpgradeCheck = 1310;
				TargetAttributes = {
					64A99ED827FD9A28003BAE1F = {
						CreatedOnToolsVersion = 13.1;
					};
				};
			};
			buildConfigurationList = 64A99ED427FD9A28003BAE1F /* Build configuration list for PBXProject "MovieBooking" */;
			compatibilityVersion = "Xcode 13.0";
			developmentRegion = en;
			hasScannedForEncodings = 0;
			knownRegions = (
				en,
				Base,
			);
			mainGroup = 64A99ED027FD9A28003BAE1F;
			productRefGroup = 64A99EDA27FD9A28003BAE1F /* Products */;
			projectDirPath = "";
			projectRoot = "";
			targets = (
				64A99ED827FD9A28003BAE1F /* MovieBooking */,
			);
		};
/* End PBXProject section */

/* Begin PBXResourcesBuildPhase section */
		64A99ED727FD9A28003BAE1F /* Resources */ = {
			isa = PBXResourcesBuildPhase;
			buildActionMask = 2147483647;
			files = (
				364826D728052C5D00994E00 /* HomeScreenStoryboard.storyboard in Resources */,
				364826DE28052CD000994E00 /* TableViewCell.xib in Resources */,
				64A99EE927FD9A2A003BAE1F /* LaunchScreen.storyboard in Resources */,
				368BE003280EF2990089B7C5 /* GoogleService-Info.plist in Resources */,
				64A99EE627FD9A2A003BAE1F /* Assets.xcassets in Resources */,
				64A99EE427FD9A28003BAE1F /* Main.storyboard in Resources */,
			);
			runOnlyForDeploymentPostprocessing = 0;
		};
/* End PBXResourcesBuildPhase section */

/* Begin PBXShellScriptBuildPhase section */
		1BBEEBA08847BDABBC3ACD10 /* [CP] Check Pods Manifest.lock */ = {
			isa = PBXShellScriptBuildPhase;
			buildActionMask = 2147483647;
			files = (
			);
			inputFileListPaths = (
			);
			inputPaths = (
				"${PODS_PODFILE_DIR_PATH}/Podfile.lock",
				"${PODS_ROOT}/Manifest.lock",
			);
			name = "[CP] Check Pods Manifest.lock";
			outputFileListPaths = (
			);
			outputPaths = (
				"$(DERIVED_FILE_DIR)/Pods-MovieBooking-checkManifestLockResult.txt",
			);
			runOnlyForDeploymentPostprocessing = 0;
			shellPath = /bin/sh;
			shellScript = "diff \"${PODS_PODFILE_DIR_PATH}/Podfile.lock\" \"${PODS_ROOT}/Manifest.lock\" > /dev/null\nif [ $? != 0 ] ; then\n    # print error to STDERR\n    echo \"error: The sandbox is not in sync with the Podfile.lock. Run 'pod install' or update your CocoaPods installation.\" >&2\n    exit 1\nfi\n# This output is used by Xcode 'outputs' to avoid re-running this script phase.\necho \"SUCCESS\" > \"${SCRIPT_OUTPUT_FILE_0}\"\n";
			showEnvVarsInLog = 0;
		};
		795DD7399E65C6ED3DC77B4D /* [CP] Embed Pods Frameworks */ = {
			isa = PBXShellScriptBuildPhase;
			buildActionMask = 2147483647;
			files = (
			);
			inputFileListPaths = (
				"${PODS_ROOT}/Target Support Files/Pods-MovieBooking/Pods-MovieBooking-frameworks-${CONFIGURATION}-input-files.xcfilelist",
			);
			name = "[CP] Embed Pods Frameworks";
			outputFileListPaths = (
				"${PODS_ROOT}/Target Support Files/Pods-MovieBooking/Pods-MovieBooking-frameworks-${CONFIGURATION}-output-files.xcfilelist",
			);
			runOnlyForDeploymentPostprocessing = 0;
			shellPath = /bin/sh;
			shellScript = "\"${PODS_ROOT}/Target Support Files/Pods-MovieBooking/Pods-MovieBooking-frameworks.sh\"\n";
			showEnvVarsInLog = 0;
		};
/* End PBXShellScriptBuildPhase section */

/* Begin PBXSourcesBuildPhase section */
		64A99ED527FD9A28003BAE1F /* Sources */ = {
			isa = PBXSourcesBuildPhase;
			buildActionMask = 2147483647;
			files = (
				641AF91C27FDCD0400DE170C /* LogInViewController.swift in Sources */,
				64B713C2280574B300D1DF03 /* AuthenticationCoordinator.swift in Sources */,
				64B713C7280576A400D1DF03 /* Coordinator.swift in Sources */,
				64F467732807FFBD0028C78D /* AuthenticationViewModel.swift in Sources */,
				64BD3208280EA9B0009A0439 /* Declarations.swift in Sources */,
				64B7612128042EF2000C2D0A /* UIViewController.swift in Sources */,
				64A99EDD27FD9A28003BAE1F /* AppDelegate.swift in Sources */,
				368BE005280EF6270089B7C5 /* CustomAlert.swift in Sources */,
				64B713C52805758400D1DF03 /* Storyboarded.swift in Sources */,
				64BD320A280EAE7F009A0439 /* UIView.swift in Sources */,
				64A99EDF27FD9A28003BAE1F /* SceneDelegate.swift in Sources */,
				64B7611E28042A63000C2D0A /* SignUpViewController.swift in Sources */,
				64B713C02805744E00D1DF03 /* AppCoordinator.swift in Sources */,
				364826DD28052CD000994E00 /* TableViewCell.swift in Sources */,
				364826E5280532E600994E00 /* MovieDataClass.swift in Sources */,
				364826EC2805394B00994E00 /* HomeScreenCoordinator.swift in Sources */,
				64A99EDD27FD9A28003BAE1F /* AppDelegate.swift in Sources */,
				64A99EDF27FD9A28003BAE1F /* SceneDelegate.swift in Sources */,
				36C6A07A28105EF300958297 /* ViewController.swift in Sources */,
				364826E22805302A00994E00 /* HomeScreenViewController.swift in Sources */,
				3673403C2807D33A00359101 /* HomeScreenViewModel.swift in Sources */,
			);
			runOnlyForDeploymentPostprocessing = 0;
		};
/* End PBXSourcesBuildPhase section */

/* Begin PBXVariantGroup section */
		64A99EE227FD9A28003BAE1F /* Main.storyboard */ = {
			isa = PBXVariantGroup;
			children = (
				64A99EE327FD9A28003BAE1F /* Base */,
			);
			name = Main.storyboard;
			sourceTree = "<group>";
		};
		64A99EE727FD9A2A003BAE1F /* LaunchScreen.storyboard */ = {
			isa = PBXVariantGroup;
			children = (
				64A99EE827FD9A2A003BAE1F /* Base */,
			);
			name = LaunchScreen.storyboard;
			sourceTree = "<group>";
		};
/* End PBXVariantGroup section */

/* Begin XCBuildConfiguration section */
		64A99EEB27FD9A2A003BAE1F /* Debug */ = {
			isa = XCBuildConfiguration;
			buildSettings = {
				ALWAYS_SEARCH_USER_PATHS = NO;
				CLANG_ANALYZER_NONNULL = YES;
				CLANG_ANALYZER_NUMBER_OBJECT_CONVERSION = YES_AGGRESSIVE;
				CLANG_CXX_LANGUAGE_STANDARD = "gnu++17";
				CLANG_CXX_LIBRARY = "libc++";
				CLANG_ENABLE_MODULES = YES;
				CLANG_ENABLE_OBJC_ARC = YES;
				CLANG_ENABLE_OBJC_WEAK = YES;
				CLANG_WARN_BLOCK_CAPTURE_AUTORELEASING = YES;
				CLANG_WARN_BOOL_CONVERSION = YES;
				CLANG_WARN_COMMA = YES;
				CLANG_WARN_CONSTANT_CONVERSION = YES;
				CLANG_WARN_DEPRECATED_OBJC_IMPLEMENTATIONS = YES;
				CLANG_WARN_DIRECT_OBJC_ISA_USAGE = YES_ERROR;
				CLANG_WARN_DOCUMENTATION_COMMENTS = YES;
				CLANG_WARN_EMPTY_BODY = YES;
				CLANG_WARN_ENUM_CONVERSION = YES;
				CLANG_WARN_INFINITE_RECURSION = YES;
				CLANG_WARN_INT_CONVERSION = YES;
				CLANG_WARN_NON_LITERAL_NULL_CONVERSION = YES;
				CLANG_WARN_OBJC_IMPLICIT_RETAIN_SELF = YES;
				CLANG_WARN_OBJC_LITERAL_CONVERSION = YES;
				CLANG_WARN_OBJC_ROOT_CLASS = YES_ERROR;
				CLANG_WARN_QUOTED_INCLUDE_IN_FRAMEWORK_HEADER = YES;
				CLANG_WARN_RANGE_LOOP_ANALYSIS = YES;
				CLANG_WARN_STRICT_PROTOTYPES = YES;
				CLANG_WARN_SUSPICIOUS_MOVE = YES;
				CLANG_WARN_UNGUARDED_AVAILABILITY = YES_AGGRESSIVE;
				CLANG_WARN_UNREACHABLE_CODE = YES;
				CLANG_WARN__DUPLICATE_METHOD_MATCH = YES;
				COPY_PHASE_STRIP = NO;
				DEBUG_INFORMATION_FORMAT = dwarf;
				ENABLE_STRICT_OBJC_MSGSEND = YES;
				ENABLE_TESTABILITY = YES;
				GCC_C_LANGUAGE_STANDARD = gnu11;
				GCC_DYNAMIC_NO_PIC = NO;
				GCC_NO_COMMON_BLOCKS = YES;
				GCC_OPTIMIZATION_LEVEL = 0;
				GCC_PREPROCESSOR_DEFINITIONS = (
					"DEBUG=1",
					"$(inherited)",
				);
				GCC_WARN_64_TO_32_BIT_CONVERSION = YES;
				GCC_WARN_ABOUT_RETURN_TYPE = YES_ERROR;
				GCC_WARN_UNDECLARED_SELECTOR = YES;
				GCC_WARN_UNINITIALIZED_AUTOS = YES_AGGRESSIVE;
				GCC_WARN_UNUSED_FUNCTION = YES;
				GCC_WARN_UNUSED_VARIABLE = YES;
				IPHONEOS_DEPLOYMENT_TARGET = 15.0;
				MTL_ENABLE_DEBUG_INFO = INCLUDE_SOURCE;
				MTL_FAST_MATH = YES;
				ONLY_ACTIVE_ARCH = YES;
				SDKROOT = iphoneos;
				SWIFT_ACTIVE_COMPILATION_CONDITIONS = DEBUG;
				SWIFT_OPTIMIZATION_LEVEL = "-Onone";
			};
			name = Debug;
		};
		64A99EEC27FD9A2A003BAE1F /* Release */ = {
			isa = XCBuildConfiguration;
			buildSettings = {
				ALWAYS_SEARCH_USER_PATHS = NO;
				CLANG_ANALYZER_NONNULL = YES;
				CLANG_ANALYZER_NUMBER_OBJECT_CONVERSION = YES_AGGRESSIVE;
				CLANG_CXX_LANGUAGE_STANDARD = "gnu++17";
				CLANG_CXX_LIBRARY = "libc++";
				CLANG_ENABLE_MODULES = YES;
				CLANG_ENABLE_OBJC_ARC = YES;
				CLANG_ENABLE_OBJC_WEAK = YES;
				CLANG_WARN_BLOCK_CAPTURE_AUTORELEASING = YES;
				CLANG_WARN_BOOL_CONVERSION = YES;
				CLANG_WARN_COMMA = YES;
				CLANG_WARN_CONSTANT_CONVERSION = YES;
				CLANG_WARN_DEPRECATED_OBJC_IMPLEMENTATIONS = YES;
				CLANG_WARN_DIRECT_OBJC_ISA_USAGE = YES_ERROR;
				CLANG_WARN_DOCUMENTATION_COMMENTS = YES;
				CLANG_WARN_EMPTY_BODY = YES;
				CLANG_WARN_ENUM_CONVERSION = YES;
				CLANG_WARN_INFINITE_RECURSION = YES;
				CLANG_WARN_INT_CONVERSION = YES;
				CLANG_WARN_NON_LITERAL_NULL_CONVERSION = YES;
				CLANG_WARN_OBJC_IMPLICIT_RETAIN_SELF = YES;
				CLANG_WARN_OBJC_LITERAL_CONVERSION = YES;
				CLANG_WARN_OBJC_ROOT_CLASS = YES_ERROR;
				CLANG_WARN_QUOTED_INCLUDE_IN_FRAMEWORK_HEADER = YES;
				CLANG_WARN_RANGE_LOOP_ANALYSIS = YES;
				CLANG_WARN_STRICT_PROTOTYPES = YES;
				CLANG_WARN_SUSPICIOUS_MOVE = YES;
				CLANG_WARN_UNGUARDED_AVAILABILITY = YES_AGGRESSIVE;
				CLANG_WARN_UNREACHABLE_CODE = YES;
				CLANG_WARN__DUPLICATE_METHOD_MATCH = YES;
				COPY_PHASE_STRIP = NO;
				DEBUG_INFORMATION_FORMAT = "dwarf-with-dsym";
				ENABLE_NS_ASSERTIONS = NO;
				ENABLE_STRICT_OBJC_MSGSEND = YES;
				GCC_C_LANGUAGE_STANDARD = gnu11;
				GCC_NO_COMMON_BLOCKS = YES;
				GCC_WARN_64_TO_32_BIT_CONVERSION = YES;
				GCC_WARN_ABOUT_RETURN_TYPE = YES_ERROR;
				GCC_WARN_UNDECLARED_SELECTOR = YES;
				GCC_WARN_UNINITIALIZED_AUTOS = YES_AGGRESSIVE;
				GCC_WARN_UNUSED_FUNCTION = YES;
				GCC_WARN_UNUSED_VARIABLE = YES;
				IPHONEOS_DEPLOYMENT_TARGET = 15.0;
				MTL_ENABLE_DEBUG_INFO = NO;
				MTL_FAST_MATH = YES;
				SDKROOT = iphoneos;
				SWIFT_COMPILATION_MODE = wholemodule;
				SWIFT_OPTIMIZATION_LEVEL = "-O";
				VALIDATE_PRODUCT = YES;
			};
			name = Release;
		};
		64A99EEE27FD9A2A003BAE1F /* Debug */ = {
			isa = XCBuildConfiguration;
			baseConfigurationReference = 3591FD0926CB88531F1C1B80 /* Pods-MovieBooking.debug.xcconfig */;
			buildSettings = {
				ASSETCATALOG_COMPILER_APPICON_NAME = AppIcon;
				ASSETCATALOG_COMPILER_GLOBAL_ACCENT_COLOR_NAME = AccentColor;
				CODE_SIGN_STYLE = Automatic;
				CURRENT_PROJECT_VERSION = 1;
				GENERATE_INFOPLIST_FILE = YES;
				INFOPLIST_FILE = MovieBooking/Info.plist;
				INFOPLIST_KEY_UIApplicationSupportsIndirectInputEvents = YES;
				INFOPLIST_KEY_UILaunchStoryboardName = LaunchScreen;
				INFOPLIST_KEY_UIMainStoryboardFile = Main;
				INFOPLIST_KEY_UISupportedInterfaceOrientations = UIInterfaceOrientationPortrait;
				INFOPLIST_KEY_UISupportedInterfaceOrientations_iPad = "UIInterfaceOrientationPortrait UIInterfaceOrientationPortraitUpsideDown UIInterfaceOrientationLandscapeLeft UIInterfaceOrientationLandscapeRight";
				INFOPLIST_KEY_UISupportedInterfaceOrientations_iPhone = "UIInterfaceOrientationPortrait UIInterfaceOrientationLandscapeLeft UIInterfaceOrientationLandscapeRight";
				LD_RUNPATH_SEARCH_PATHS = (
					"$(inherited)",
					"@executable_path/Frameworks",
				);
				MARKETING_VERSION = 1.0;
				PRODUCT_BUNDLE_IDENTIFIER = com.example.MovieBooking;
				PRODUCT_NAME = "$(TARGET_NAME)";
				SWIFT_EMIT_LOC_STRINGS = YES;
				SWIFT_VERSION = 5.0;
				TARGETED_DEVICE_FAMILY = 1;
			};
			name = Debug;
		};
		64A99EEF27FD9A2A003BAE1F /* Release */ = {
			isa = XCBuildConfiguration;
			baseConfigurationReference = 0D5E32336DA0F5FADD1F6D70 /* Pods-MovieBooking.release.xcconfig */;
			buildSettings = {
				ASSETCATALOG_COMPILER_APPICON_NAME = AppIcon;
				ASSETCATALOG_COMPILER_GLOBAL_ACCENT_COLOR_NAME = AccentColor;
				CODE_SIGN_STYLE = Automatic;
				CURRENT_PROJECT_VERSION = 1;
				GENERATE_INFOPLIST_FILE = YES;
				INFOPLIST_FILE = MovieBooking/Info.plist;
				INFOPLIST_KEY_UIApplicationSupportsIndirectInputEvents = YES;
				INFOPLIST_KEY_UILaunchStoryboardName = LaunchScreen;
				INFOPLIST_KEY_UIMainStoryboardFile = Main;
				INFOPLIST_KEY_UISupportedInterfaceOrientations = UIInterfaceOrientationPortrait;
				INFOPLIST_KEY_UISupportedInterfaceOrientations_iPad = "UIInterfaceOrientationPortrait UIInterfaceOrientationPortraitUpsideDown UIInterfaceOrientationLandscapeLeft UIInterfaceOrientationLandscapeRight";
				INFOPLIST_KEY_UISupportedInterfaceOrientations_iPhone = "UIInterfaceOrientationPortrait UIInterfaceOrientationLandscapeLeft UIInterfaceOrientationLandscapeRight";
				LD_RUNPATH_SEARCH_PATHS = (
					"$(inherited)",
					"@executable_path/Frameworks",
				);
				MARKETING_VERSION = 1.0;
				PRODUCT_BUNDLE_IDENTIFIER = com.example.MovieBooking;
				PRODUCT_NAME = "$(TARGET_NAME)";
				SWIFT_EMIT_LOC_STRINGS = YES;
				SWIFT_VERSION = 5.0;
				TARGETED_DEVICE_FAMILY = 1;
			};
			name = Release;
		};
/* End XCBuildConfiguration section */

/* Begin XCConfigurationList section */
		64A99ED427FD9A28003BAE1F /* Build configuration list for PBXProject "MovieBooking" */ = {
			isa = XCConfigurationList;
			buildConfigurations = (
				64A99EEB27FD9A2A003BAE1F /* Debug */,
				64A99EEC27FD9A2A003BAE1F /* Release */,
			);
			defaultConfigurationIsVisible = 0;
			defaultConfigurationName = Release;
		};
		64A99EED27FD9A2A003BAE1F /* Build configuration list for PBXNativeTarget "MovieBooking" */ = {
			isa = XCConfigurationList;
			buildConfigurations = (
				64A99EEE27FD9A2A003BAE1F /* Debug */,
				64A99EEF27FD9A2A003BAE1F /* Release */,
			);
			defaultConfigurationIsVisible = 0;
			defaultConfigurationName = Release;
		};
/* End XCConfigurationList section */
	};
	rootObject = 64A99ED127FD9A28003BAE1F /* Project object */;
}
